// !$*UTF8*$!
{
	archiveVersion = 1;
	classes = {
	};
	objectVersion = 50;
	objects = {

/* Begin PBXBuildFile section */
		04492D05B88F7FBDCB015CAF /* Pods_Trouve_moi_une_boite__.framework in Frameworks */ = {isa = PBXBuildFile; fileRef = 566DE07C6D85273F618DE236 /* Pods_Trouve_moi_une_boite__.framework */; };
		A12AB19820A729B30079370A /* Reachability.swift in Sources */ = {isa = PBXBuildFile; fileRef = A12AB19720A729B30079370A /* Reachability.swift */; };
		A136AC2720A609790039BB22 /* AppDelegate.swift in Sources */ = {isa = PBXBuildFile; fileRef = A136AC2620A609790039BB22 /* AppDelegate.swift */; };
		A136AC2920A609790039BB22 /* MapController.swift in Sources */ = {isa = PBXBuildFile; fileRef = A136AC2820A609790039BB22 /* MapController.swift */; };
		A136AC3120A6097A0039BB22 /* LaunchScreen.storyboard in Resources */ = {isa = PBXBuildFile; fileRef = A136AC2F20A6097A0039BB22 /* LaunchScreen.storyboard */; };
		A136AC3920A60A7E0039BB22 /* Extensions.swift in Sources */ = {isa = PBXBuildFile; fileRef = A136AC3820A60A7E0039BB22 /* Extensions.swift */; };
		A136AC3B20A6113F0039BB22 /* MailBox.swift in Sources */ = {isa = PBXBuildFile; fileRef = A136AC3A20A6113F0039BB22 /* MailBox.swift */; };
		A136AC3D20A62B150039BB22 /* MailBoxCell.swift in Sources */ = {isa = PBXBuildFile; fileRef = A136AC3C20A62B150039BB22 /* MailBoxCell.swift */; };
		A136AC3F20A667700039BB22 /* Assets.xcassets in Resources */ = {isa = PBXBuildFile; fileRef = A136AC3E20A667700039BB22 /* Assets.xcassets */; };
		A136AC4120A669650039BB22 /* NoResultCell.swift in Sources */ = {isa = PBXBuildFile; fileRef = A136AC4020A669650039BB22 /* NoResultCell.swift */; };
/* End PBXBuildFile section */

/* Begin PBXFileReference section */
		566DE07C6D85273F618DE236 /* Pods_Trouve_moi_une_boite__.framework */ = {isa = PBXFileReference; explicitFileType = wrapper.framework; includeInIndex = 0; path = Pods_Trouve_moi_une_boite__.framework; sourceTree = BUILT_PRODUCTS_DIR; };
		6D7864B6EE2505D25F139099 /* Pods-Trouve moi une boite !.release.xcconfig */ = {isa = PBXFileReference; includeInIndex = 1; lastKnownFileType = text.xcconfig; name = "Pods-Trouve moi une boite !.release.xcconfig"; path = "Pods/Target Support Files/Pods-Trouve moi une boite !/Pods-Trouve moi une boite !.release.xcconfig"; sourceTree = "<group>"; };
		8169D29CE3FDEB170D79D3A9 /* Pods-Trouve moi une boite !.debug.xcconfig */ = {isa = PBXFileReference; includeInIndex = 1; lastKnownFileType = text.xcconfig; name = "Pods-Trouve moi une boite !.debug.xcconfig"; path = "Pods/Target Support Files/Pods-Trouve moi une boite !/Pods-Trouve moi une boite !.debug.xcconfig"; sourceTree = "<group>"; };
		A12AB19720A729B30079370A /* Reachability.swift */ = {isa = PBXFileReference; lastKnownFileType = sourcecode.swift; path = Reachability.swift; sourceTree = "<group>"; };
		A136AC2320A609790039BB22 /* Trouve moi une boite !.app */ = {isa = PBXFileReference; explicitFileType = wrapper.application; includeInIndex = 0; path = "Trouve moi une boite !.app"; sourceTree = BUILT_PRODUCTS_DIR; };
		A136AC2620A609790039BB22 /* AppDelegate.swift */ = {isa = PBXFileReference; lastKnownFileType = sourcecode.swift; path = AppDelegate.swift; sourceTree = "<group>"; };
		A136AC2820A609790039BB22 /* MapController.swift */ = {isa = PBXFileReference; lastKnownFileType = sourcecode.swift; path = MapController.swift; sourceTree = "<group>"; };
		A136AC3020A6097A0039BB22 /* Base */ = {isa = PBXFileReference; lastKnownFileType = file.storyboard; name = Base; path = Base.lproj/LaunchScreen.storyboard; sourceTree = "<group>"; };
		A136AC3220A6097A0039BB22 /* Info.plist */ = {isa = PBXFileReference; lastKnownFileType = text.plist.xml; path = Info.plist; sourceTree = "<group>"; };
		A136AC3820A60A7E0039BB22 /* Extensions.swift */ = {isa = PBXFileReference; lastKnownFileType = sourcecode.swift; path = Extensions.swift; sourceTree = "<group>"; };
		A136AC3A20A6113F0039BB22 /* MailBox.swift */ = {isa = PBXFileReference; lastKnownFileType = sourcecode.swift; path = MailBox.swift; sourceTree = "<group>"; };
		A136AC3C20A62B150039BB22 /* MailBoxCell.swift */ = {isa = PBXFileReference; lastKnownFileType = sourcecode.swift; path = MailBoxCell.swift; sourceTree = "<group>"; };
		A136AC3E20A667700039BB22 /* Assets.xcassets */ = {isa = PBXFileReference; lastKnownFileType = folder.assetcatalog; path = Assets.xcassets; sourceTree = "<group>"; };
		A136AC4020A669650039BB22 /* NoResultCell.swift */ = {isa = PBXFileReference; lastKnownFileType = sourcecode.swift; path = NoResultCell.swift; sourceTree = "<group>"; };
/* End PBXFileReference section */

/* Begin PBXFrameworksBuildPhase section */
		A136AC2020A609790039BB22 /* Frameworks */ = {
			isa = PBXFrameworksBuildPhase;
			buildActionMask = 2147483647;
			files = (
				04492D05B88F7FBDCB015CAF /* Pods_Trouve_moi_une_boite__.framework in Frameworks */,
			);
			runOnlyForDeploymentPostprocessing = 0;
		};
/* End PBXFrameworksBuildPhase section */

/* Begin PBXGroup section */
		A136AC1A20A609790039BB22 = {
			isa = PBXGroup;
			children = (
				A136AC2520A609790039BB22 /* Trouve moi une boite ! */,
				A136AC2420A609790039BB22 /* Products */,
				E143084C0DBE8BA67EEB8BE0 /* Pods */,
				C1090272F9C9A7D9457CEC72 /* Frameworks */,
			);
			sourceTree = "<group>";
		};
		A136AC2420A609790039BB22 /* Products */ = {
			isa = PBXGroup;
			children = (
				A136AC2320A609790039BB22 /* Trouve moi une boite !.app */,
			);
			name = Products;
			sourceTree = "<group>";
		};
		A136AC2520A609790039BB22 /* Trouve moi une boite ! */ = {
			isa = PBXGroup;
			children = (
				A136AC2620A609790039BB22 /* AppDelegate.swift */,
				A136AC2820A609790039BB22 /* MapController.swift */,
				A136AC3C20A62B150039BB22 /* MailBoxCell.swift */,
				A136AC4020A669650039BB22 /* NoResultCell.swift */,
				A136AC3A20A6113F0039BB22 /* MailBox.swift */,
				A136AC3E20A667700039BB22 /* Assets.xcassets */,
				A136AC3820A60A7E0039BB22 /* Extensions.swift */,
				A12AB19720A729B30079370A /* Reachability.swift */,
				A136AC2F20A6097A0039BB22 /* LaunchScreen.storyboard */,
				A136AC3220A6097A0039BB22 /* Info.plist */,
			);
			path = "Trouve moi une boite !";
			sourceTree = "<group>";
		};
		C1090272F9C9A7D9457CEC72 /* Frameworks */ = {
			isa = PBXGroup;
			children = (
				566DE07C6D85273F618DE236 /* Pods_Trouve_moi_une_boite__.framework */,
			);
			name = Frameworks;
			sourceTree = "<group>";
		};
		E143084C0DBE8BA67EEB8BE0 /* Pods */ = {
			isa = PBXGroup;
			children = (
				8169D29CE3FDEB170D79D3A9 /* Pods-Trouve moi une boite !.debug.xcconfig */,
				6D7864B6EE2505D25F139099 /* Pods-Trouve moi une boite !.release.xcconfig */,
			);
			name = Pods;
			sourceTree = "<group>";
		};
/* End PBXGroup section */

/* Begin PBXNativeTarget section */
		A136AC2220A609790039BB22 /* Trouve moi une boite ! */ = {
			isa = PBXNativeTarget;
			buildConfigurationList = A136AC3520A6097A0039BB22 /* Build configuration list for PBXNativeTarget "Trouve moi une boite !" */;
			buildPhases = (
				6B4BF4DEA4F4AF803882DB92 /* [CP] Check Pods Manifest.lock */,
				A136AC1F20A609790039BB22 /* Sources */,
				A136AC2020A609790039BB22 /* Frameworks */,
				A136AC2120A609790039BB22 /* Resources */,
				9C83D32C11BDAA8C36FF0F1C /* [CP] Embed Pods Frameworks */,
				980C12B76B75ABEB495BDD37 /* [CP] Copy Pods Resources */,
			);
			buildRules = (
			);
			dependencies = (
			);
			name = "Trouve moi une boite !";
			productName = "Trouve moi une boite !";
			productReference = A136AC2320A609790039BB22 /* Trouve moi une boite !.app */;
			productType = "com.apple.product-type.application";
		};
/* End PBXNativeTarget section */

/* Begin PBXProject section */
		A136AC1B20A609790039BB22 /* Project object */ = {
			isa = PBXProject;
			attributes = {
				LastSwiftUpdateCheck = 0930;
				LastUpgradeCheck = 0930;
				ORGANIZATIONNAME = "Thomas Fauquemberg";
				TargetAttributes = {
					A136AC2220A609790039BB22 = {
						CreatedOnToolsVersion = 9.3;
					};
				};
			};
			buildConfigurationList = A136AC1E20A609790039BB22 /* Build configuration list for PBXProject "Trouve moi une boite !" */;
			compatibilityVersion = "Xcode 9.3";
			developmentRegion = en;
			hasScannedForEncodings = 0;
			knownRegions = (
				en,
				Base,
			);
			mainGroup = A136AC1A20A609790039BB22;
			productRefGroup = A136AC2420A609790039BB22 /* Products */;
			projectDirPath = "";
			projectRoot = "";
			targets = (
				A136AC2220A609790039BB22 /* Trouve moi une boite ! */,
			);
		};
/* End PBXProject section */

/* Begin PBXResourcesBuildPhase section */
		A136AC2120A609790039BB22 /* Resources */ = {
			isa = PBXResourcesBuildPhase;
			buildActionMask = 2147483647;
			files = (
				A136AC3F20A667700039BB22 /* Assets.xcassets in Resources */,
				A136AC3120A6097A0039BB22 /* LaunchScreen.storyboard in Resources */,
			);
			runOnlyForDeploymentPostprocessing = 0;
		};
/* End PBXResourcesBuildPhase section */

/* Begin PBXShellScriptBuildPhase section */
		6B4BF4DEA4F4AF803882DB92 /* [CP] Check Pods Manifest.lock */ = {
			isa = PBXShellScriptBuildPhase;
			buildActionMask = 2147483647;
			files = (
			);
			inputPaths = (
				"${PODS_PODFILE_DIR_PATH}/Podfile.lock",
				"${PODS_ROOT}/Manifest.lock",
			);
			name = "[CP] Check Pods Manifest.lock";
			outputPaths = (
				"$(DERIVED_FILE_DIR)/Pods-Trouve moi une boite !-checkManifestLockResult.txt",
			);
			runOnlyForDeploymentPostprocessing = 0;
			shellPath = /bin/sh;
			shellScript = "diff \"${PODS_PODFILE_DIR_PATH}/Podfile.lock\" \"${PODS_ROOT}/Manifest.lock\" > /dev/null\nif [ $? != 0 ] ; then\n    # print error to STDERR\n    echo \"error: The sandbox is not in sync with the Podfile.lock. Run 'pod install' or update your CocoaPods installation.\" >&2\n    exit 1\nfi\n# This output is used by Xcode 'outputs' to avoid re-running this script phase.\necho \"SUCCESS\" > \"${SCRIPT_OUTPUT_FILE_0}\"\n";
			showEnvVarsInLog = 0;
		};
		980C12B76B75ABEB495BDD37 /* [CP] Copy Pods Resources */ = {
			isa = PBXShellScriptBuildPhase;
			buildActionMask = 2147483647;
			files = (
			);
			inputPaths = (
			);
			name = "[CP] Copy Pods Resources";
			outputPaths = (
			);
			runOnlyForDeploymentPostprocessing = 0;
			shellPath = /bin/sh;
			shellScript = "\"${SRCROOT}/Pods/Target Support Files/Pods-Trouve moi une boite !/Pods-Trouve moi une boite !-resources.sh\"\n";
			showEnvVarsInLog = 0;
		};
		9C83D32C11BDAA8C36FF0F1C /* [CP] Embed Pods Frameworks */ = {
			isa = PBXShellScriptBuildPhase;
			buildActionMask = 2147483647;
			files = (
			);
			inputPaths = (
				"${SRCROOT}/Pods/Target Support Files/Pods-Trouve moi une boite !/Pods-Trouve moi une boite !-frameworks.sh",
				"${BUILT_PRODUCTS_DIR}/ScalingCarousel/ScalingCarousel.framework",
				"${BUILT_PRODUCTS_DIR}/SwiftMessages/SwiftMessages.framework",
			);
			name = "[CP] Embed Pods Frameworks";
			outputPaths = (
				"${TARGET_BUILD_DIR}/${FRAMEWORKS_FOLDER_PATH}/ScalingCarousel.framework",
				"${TARGET_BUILD_DIR}/${FRAMEWORKS_FOLDER_PATH}/SwiftMessages.framework",
			);
			runOnlyForDeploymentPostprocessing = 0;
			shellPath = /bin/sh;
			shellScript = "\"${SRCROOT}/Pods/Target Support Files/Pods-Trouve moi une boite !/Pods-Trouve moi une boite !-frameworks.sh\"\n";
			showEnvVarsInLog = 0;
		};
/* End PBXShellScriptBuildPhase section */

/* Begin PBXSourcesBuildPhase section */
		A136AC1F20A609790039BB22 /* Sources */ = {
			isa = PBXSourcesBuildPhase;
			buildActionMask = 2147483647;
			files = (
				A12AB19820A729B30079370A /* Reachability.swift in Sources */,
				A136AC3B20A6113F0039BB22 /* MailBox.swift in Sources */,
				A136AC2920A609790039BB22 /* MapController.swift in Sources */,
				A136AC3D20A62B150039BB22 /* MailBoxCell.swift in Sources */,
				A136AC4120A669650039BB22 /* NoResultCell.swift in Sources */,
				A136AC3920A60A7E0039BB22 /* Extensions.swift in Sources */,
				A136AC2720A609790039BB22 /* AppDelegate.swift in Sources */,
			);
			runOnlyForDeploymentPostprocessing = 0;
		};
/* End PBXSourcesBuildPhase section */

/* Begin PBXVariantGroup section */
		A136AC2F20A6097A0039BB22 /* LaunchScreen.storyboard */ = {
			isa = PBXVariantGroup;
			children = (
				A136AC3020A6097A0039BB22 /* Base */,
			);
			name = LaunchScreen.storyboard;
			sourceTree = "<group>";
		};
/* End PBXVariantGroup section */

/* Begin XCBuildConfiguration section */
		A136AC3320A6097A0039BB22 /* Debug */ = {
			isa = XCBuildConfiguration;
			buildSettings = {
				ALWAYS_SEARCH_USER_PATHS = NO;
				CLANG_ANALYZER_NONNULL = YES;
				CLANG_ANALYZER_NUMBER_OBJECT_CONVERSION = YES_AGGRESSIVE;
				CLANG_CXX_LANGUAGE_STANDARD = "gnu++14";
				CLANG_CXX_LIBRARY = "libc++";
				CLANG_ENABLE_MODULES = YES;
				CLANG_ENABLE_OBJC_ARC = YES;
				CLANG_ENABLE_OBJC_WEAK = YES;
				CLANG_WARN_BLOCK_CAPTURE_AUTORELEASING = YES;
				CLANG_WARN_BOOL_CONVERSION = YES;
				CLANG_WARN_COMMA = YES;
				CLANG_WARN_CONSTANT_CONVERSION = YES;
				CLANG_WARN_DEPRECATED_OBJC_IMPLEMENTATIONS = YES;
				CLANG_WARN_DIRECT_OBJC_ISA_USAGE = YES_ERROR;
				CLANG_WARN_DOCUMENTATION_COMMENTS = YES;
				CLANG_WARN_EMPTY_BODY = YES;
				CLANG_WARN_ENUM_CONVERSION = YES;
				CLANG_WARN_INFINITE_RECURSION = YES;
				CLANG_WARN_INT_CONVERSION = YES;
				CLANG_WARN_NON_LITERAL_NULL_CONVERSION = YES;
				CLANG_WARN_OBJC_IMPLICIT_RETAIN_SELF = YES;
				CLANG_WARN_OBJC_LITERAL_CONVERSION = YES;
				CLANG_WARN_OBJC_ROOT_CLASS = YES_ERROR;
				CLANG_WARN_RANGE_LOOP_ANALYSIS = YES;
				CLANG_WARN_STRICT_PROTOTYPES = YES;
				CLANG_WARN_SUSPICIOUS_MOVE = YES;
				CLANG_WARN_UNGUARDED_AVAILABILITY = YES_AGGRESSIVE;
				CLANG_WARN_UNREACHABLE_CODE = YES;
				CLANG_WARN__DUPLICATE_METHOD_MATCH = YES;
				CODE_SIGN_IDENTITY = "iPhone Developer";
				COPY_PHASE_STRIP = NO;
				DEBUG_INFORMATION_FORMAT = dwarf;
				ENABLE_STRICT_OBJC_MSGSEND = YES;
				ENABLE_TESTABILITY = YES;
				GCC_C_LANGUAGE_STANDARD = gnu11;
				GCC_DYNAMIC_NO_PIC = NO;
				GCC_NO_COMMON_BLOCKS = YES;
				GCC_OPTIMIZATION_LEVEL = 0;
				GCC_PREPROCESSOR_DEFINITIONS = (
					"DEBUG=1",
					"$(inherited)",
				);
				GCC_WARN_64_TO_32_BIT_CONVERSION = YES;
				GCC_WARN_ABOUT_RETURN_TYPE = YES_ERROR;
				GCC_WARN_UNDECLARED_SELECTOR = YES;
				GCC_WARN_UNINITIALIZED_AUTOS = YES_AGGRESSIVE;
				GCC_WARN_UNUSED_FUNCTION = YES;
				GCC_WARN_UNUSED_VARIABLE = YES;
				IPHONEOS_DEPLOYMENT_TARGET = 11.0;
				MTL_ENABLE_DEBUG_INFO = YES;
				ONLY_ACTIVE_ARCH = YES;
				SDKROOT = iphoneos;
				SWIFT_ACTIVE_COMPILATION_CONDITIONS = DEBUG;
				SWIFT_OPTIMIZATION_LEVEL = "-Onone";
			};
			name = Debug;
		};
		A136AC3420A6097A0039BB22 /* Release */ = {
			isa = XCBuildConfiguration;
			buildSettings = {
				ALWAYS_SEARCH_USER_PATHS = NO;
				CLANG_ANALYZER_NONNULL = YES;
				CLANG_ANALYZER_NUMBER_OBJECT_CONVERSION = YES_AGGRESSIVE;
				CLANG_CXX_LANGUAGE_STANDARD = "gnu++14";
				CLANG_CXX_LIBRARY = "libc++";
				CLANG_ENABLE_MODULES = YES;
				CLANG_ENABLE_OBJC_ARC = YES;
				CLANG_ENABLE_OBJC_WEAK = YES;
				CLANG_WARN_BLOCK_CAPTURE_AUTORELEASING = YES;
				CLANG_WARN_BOOL_CONVERSION = YES;
				CLANG_WARN_COMMA = YES;
				CLANG_WARN_CONSTANT_CONVERSION = YES;
				CLANG_WARN_DEPRECATED_OBJC_IMPLEMENTATIONS = YES;
				CLANG_WARN_DIRECT_OBJC_ISA_USAGE = YES_ERROR;
				CLANG_WARN_DOCUMENTATION_COMMENTS = YES;
				CLANG_WARN_EMPTY_BODY = YES;
				CLANG_WARN_ENUM_CONVERSION = YES;
				CLANG_WARN_INFINITE_RECURSION = YES;
				CLANG_WARN_INT_CONVERSION = YES;
				CLANG_WARN_NON_LITERAL_NULL_CONVERSION = YES;
				CLANG_WARN_OBJC_IMPLICIT_RETAIN_SELF = YES;
				CLANG_WARN_OBJC_LITERAL_CONVERSION = YES;
				CLANG_WARN_OBJC_ROOT_CLASS = YES_ERROR;
				CLANG_WARN_RANGE_LOOP_ANALYSIS = YES;
				CLANG_WARN_STRICT_PROTOTYPES = YES;
				CLANG_WARN_SUSPICIOUS_MOVE = YES;
				CLANG_WARN_UNGUARDED_AVAILABILITY = YES_AGGRESSIVE;
				CLANG_WARN_UNREACHABLE_CODE = YES;
				CLANG_WARN__DUPLICATE_METHOD_MATCH = YES;
				CODE_SIGN_IDENTITY = "iPhone Developer";
				COPY_PHASE_STRIP = NO;
				DEBUG_INFORMATION_FORMAT = "dwarf-with-dsym";
				ENABLE_NS_ASSERTIONS = NO;
				ENABLE_STRICT_OBJC_MSGSEND = YES;
				GCC_C_LANGUAGE_STANDARD = gnu11;
				GCC_NO_COMMON_BLOCKS = YES;
				GCC_WARN_64_TO_32_BIT_CONVERSION = YES;
				GCC_WARN_ABOUT_RETURN_TYPE = YES_ERROR;
				GCC_WARN_UNDECLARED_SELECTOR = YES;
				GCC_WARN_UNINITIALIZED_AUTOS = YES_AGGRESSIVE;
				GCC_WARN_UNUSED_FUNCTION = YES;
				GCC_WARN_UNUSED_VARIABLE = YES;
				IPHONEOS_DEPLOYMENT_TARGET = 11.0;
				MTL_ENABLE_DEBUG_INFO = NO;
				SDKROOT = iphoneos;
				SWIFT_COMPILATION_MODE = wholemodule;
				SWIFT_OPTIMIZATION_LEVEL = "-O";
				VALIDATE_PRODUCT = YES;
			};
			name = Release;
		};
		A136AC3620A6097A0039BB22 /* Debug */ = {
			isa = XCBuildConfiguration;
			baseConfigurationReference = 8169D29CE3FDEB170D79D3A9 /* Pods-Trouve moi une boite !.debug.xcconfig */;
			buildSettings = {
				ASSETCATALOG_COMPILER_APPICON_NAME = AppIcon;
				CODE_SIGN_STYLE = Automatic;
				DEVELOPMENT_TEAM = B73226DSHJ;
				INFOPLIST_FILE = "Trouve moi une boite !/Info.plist";
				IPHONEOS_DEPLOYMENT_TARGET = 11.0;
				LD_RUNPATH_SEARCH_PATHS = (
					"$(inherited)",
					"@executable_path/Frameworks",
				);
				PRODUCT_BUNDLE_IDENTIFIER = "com.thomasfauquemberg.Trouve-moi-une-boite--";
				PRODUCT_NAME = "$(TARGET_NAME)";
				SWIFT_VERSION = 4.0;
				TARGETED_DEVICE_FAMILY = 1;
			};
			name = Debug;
		};
		A136AC3720A6097A0039BB22 /* Release */ = {
			isa = XCBuildConfiguration;
			baseConfigurationReference = 6D7864B6EE2505D25F139099 /* Pods-Trouve moi une boite !.release.xcconfig */;
			buildSettings = {
				ASSETCATALOG_COMPILER_APPICON_NAME = AppIcon;
				CODE_SIGN_STYLE = Automatic;
				DEVELOPMENT_TEAM = B73226DSHJ;
				INFOPLIST_FILE = "Trouve moi une boite !/Info.plist";
				IPHONEOS_DEPLOYMENT_TARGET = 11.0;
				LD_RUNPATH_SEARCH_PATHS = (
					"$(inherited)",
					"@executable_path/Frameworks",
				);
				PRODUCT_BUNDLE_IDENTIFIER = "com.thomasfauquemberg.Trouve-moi-une-boite--";
				PRODUCT_NAME = "$(TARGET_NAME)";
				SWIFT_VERSION = 4.0;
				TARGETED_DEVICE_FAMILY = 1;
			};
			name = Release;
		};
/* End XCBuildConfiguration section */

/* Begin XCConfigurationList section */
		A136AC1E20A609790039BB22 /* Build configuration list for PBXProject "Trouve moi une boite !" */ = {
			isa = XCConfigurationList;
			buildConfigurations = (
				A136AC3320A6097A0039BB22 /* Debug */,
				A136AC3420A6097A0039BB22 /* Release */,
			);
			defaultConfigurationIsVisible = 0;
			defaultConfigurationName = Release;
		};
		A136AC3520A6097A0039BB22 /* Build configuration list for PBXNativeTarget "Trouve moi une boite !" */ = {
			isa = XCConfigurationList;
			buildConfigurations = (
				A136AC3620A6097A0039BB22 /* Debug */,
				A136AC3720A6097A0039BB22 /* Release */,
			);
			defaultConfigurationIsVisible = 0;
			defaultConfigurationName = Release;
		};
/* End XCConfigurationList section */
	};
	rootObject = A136AC1B20A609790039BB22 /* Project object */;
}
